
Microsoft Visual Studio Solution File, Format Version 12.00
# Visual Studio Version 17
VisualStudioVersion = 17.2.32616.157
MinimumVisualStudioVersion = 10.0.40219.1
Project("{FAE04EC0-301F-11D3-BF4B-00C04F79EFBC}") = "SagaOrchestrator", "SagaOrchestrator\SagaOrchestrator.csproj", "{661F8C9F-6A72-4189-8042-B61FAB25FAFA}"
EndProject
Global
	GlobalSection(SolutionConfigurationPlatforms) = preSolution
		Debug|Any CPU = Debug|Any CPU
		Release|Any CPU = Release|Any CPU
	EndGlobalSection
	GlobalSection(ProjectConfigurationPlatforms) = postSolution
		{661F8C9F-6A72-4189-8042-B61FAB25FAFA}.Debug|Any CPU.ActiveCfg = Debug|Any CPU
		{661F8C9F-6A72-4189-8042-B61FAB25FAFA}.Debug|Any CPU.Build.0 = Debug|Any CPU
		{661F8C9F-6A72-4189-8042-B61FAB25FAFA}.Release|Any CPU.ActiveCfg = Release|Any CPU
		{661F8C9F-6A72-4189-8042-B61FAB25FAFA}.Release|Any CPU.Build.0 = Release|Any CPU
	EndGlobalSection
	GlobalSection(SolutionProperties) = preSolution
		HideSolutionNode = FALSE
	EndGlobalSection
	GlobalSection(ExtensibilityGlobals) = postSolution
		SolutionGuid = {BFB12891-9703-4DE3-82D6-C8AB8AAB08CD}
	EndGlobalSection
EndGlobal
